
Microsoft Visual Studio Solution File, Format Version 12.00
Project("{FAE04EC0-301F-11D3-BF4B-00C04F79EFBC}") = "task2Palindrome", "task2Palindrome\task2Palindrome.csproj", "{5FCC9F12-6029-474D-A580-F1410C069268}"
EndProject
Global
	GlobalSection(SolutionConfigurationPlatforms) = preSolution
		Debug|Any CPU = Debug|Any CPU
		Release|Any CPU = Release|Any CPU
	EndGlobalSection
	GlobalSection(ProjectConfigurationPlatforms) = postSolution
		{5FCC9F12-6029-474D-A580-F1410C069268}.Debug|Any CPU.ActiveCfg = Debug|Any CPU
		{5FCC9F12-6029-474D-A580-F1410C069268}.Debug|Any CPU.Build.0 = Debug|Any CPU
		{5FCC9F12-6029-474D-A580-F1410C069268}.Release|Any CPU.ActiveCfg = Release|Any CPU
		{5FCC9F12-6029-474D-A580-F1410C069268}.Release|Any CPU.Build.0 = Release|Any CPU
	EndGlobalSection
EndGlobal
